
Microsoft Visual Studio Solution File, Format Version 12.00
# Visual Studio Express 2012 for Windows Desktop
Project("{FAE04EC0-301F-11D3-BF4B-00C04F79EFBC}") = "CAESAR-lisflood 1.8", "CAESAR-lisflood 1.8.csproj", "{C2F6B230-5033-49F8-88D4-F9C618FE6F75}"
EndProject
Global
	GlobalSection(SolutionConfigurationPlatforms) = preSolution
		Debug|Any CPU = Debug|Any CPU
		Release|Any CPU = Release|Any CPU
	EndGlobalSection
	GlobalSection(ProjectConfigurationPlatforms) = postSolution
		{C2F6B230-5033-49F8-88D4-F9C618FE6F75}.Debug|Any CPU.ActiveCfg = Debug|Any CPU
		{C2F6B230-5033-49F8-88D4-F9C618FE6F75}.Debug|Any CPU.Build.0 = Debug|Any CPU
		{C2F6B230-5033-49F8-88D4-F9C618FE6F75}.Release|Any CPU.ActiveCfg = Release|Any CPU
		{C2F6B230-5033-49F8-88D4-F9C618FE6F75}.Release|Any CPU.Build.0 = Release|Any CPU
	EndGlobalSection
	GlobalSection(SolutionProperties) = preSolution
		HideSolutionNode = FALSE
	EndGlobalSection
EndGlobal
